PODS:
  - conekta_tokenizer (1.0.0):
    - Flutter
  - Flutter (1.0.0)

DEPENDENCIES:
  - conekta_tokenizer (from `.symlinks/plugins/conekta_tokenizer/ios`)
  - Flutter (from `Flutter`)

EXTERNAL SOURCES:
  conekta_tokenizer:
    :path: ".symlinks/plugins/conekta_tokenizer/ios"
  Flutter:
    :path: Flutter

SPEC CHECKSUMS:
  conekta_tokenizer: 9743cceecf933bb5ab3381088f96deba99b20e84
  Flutter: 434fef37c0980e73bb6479ef766c45957d4b510c

PODFILE CHECKSUM: aafe91acc616949ddb318b77800a7f51bffa2a4c

COCOAPODS: 1.10.1
